
Microsoft Visual Studio Solution File, Format Version 12.00
# Visual Studio Version 17
VisualStudioVersion = 17.13.35806.99 d17.13
MinimumVisualStudioVersion = 10.0.40219.1
Project("{FAE04EC0-301F-11D3-BF4B-00C04F79EFBC}") = "DinApp", "DinApp.csproj", "{70C2CCB7-E188-4C77-9BE9-8B94FC666A77}"
EndProject
Global
	GlobalSection(SolutionConfigurationPlatforms) = preSolution
		Debug|Any CPU = Debug|Any CPU
		Release|Any CPU = Release|Any CPU
	EndGlobalSection
	GlobalSection(ProjectConfigurationPlatforms) = postSolution
		{70C2CCB7-E188-4C77-9BE9-8B94FC666A77}.Debug|Any CPU.ActiveCfg = Debug|Any CPU
		{70C2CCB7-E188-4C77-9BE9-8B94FC666A77}.Debug|Any CPU.Build.0 = Debug|Any CPU
		{70C2CCB7-E188-4C77-9BE9-8B94FC666A77}.Release|Any CPU.ActiveCfg = Release|Any CPU
		{70C2CCB7-E188-4C77-9BE9-8B94FC666A77}.Release|Any CPU.Build.0 = Release|Any CPU
	EndGlobalSection
	GlobalSection(SolutionProperties) = preSolution
		HideSolutionNode = FALSE
	EndGlobalSection
	GlobalSection(ExtensibilityGlobals) = postSolution
		SolutionGuid = {64659837-FEF5-43D6-BB4E-1459D84CE285}
	EndGlobalSection
EndGlobal
